
Microsoft Visual Studio Solution File, Format Version 12.00
# Visual Studio Version 17
VisualStudioVersion = 17.11.35312.102
MinimumVisualStudioVersion = 10.0.40219.1
Project("{FAE04EC0-301F-11D3-BF4B-00C04F79EFBC}") = "PV_521_WPF", "PV_521_WPF\PV_521_WPF.csproj", "{8C6EB3DF-FE5C-4C4D-8F00-3FC4CD82C4B5}"
EndProject
Global
	GlobalSection(SolutionConfigurationPlatforms) = preSolution
		Debug|Any CPU = Debug|Any CPU
		Release|Any CPU = Release|Any CPU
	EndGlobalSection
	GlobalSection(ProjectConfigurationPlatforms) = postSolution
		{8C6EB3DF-FE5C-4C4D-8F00-3FC4CD82C4B5}.Debug|Any CPU.ActiveCfg = Debug|Any CPU
		{8C6EB3DF-FE5C-4C4D-8F00-3FC4CD82C4B5}.Debug|Any CPU.Build.0 = Debug|Any CPU
		{8C6EB3DF-FE5C-4C4D-8F00-3FC4CD82C4B5}.Release|Any CPU.ActiveCfg = Release|Any CPU
		{8C6EB3DF-FE5C-4C4D-8F00-3FC4CD82C4B5}.Release|Any CPU.Build.0 = Release|Any CPU
	EndGlobalSection
	GlobalSection(SolutionProperties) = preSolution
		HideSolutionNode = FALSE
	EndGlobalSection
	GlobalSection(ExtensibilityGlobals) = postSolution
		SolutionGuid = {2A93A079-0183-4A91-8D08-A1F2B8F58331}
	EndGlobalSection
EndGlobal
